
Microsoft Visual Studio Solution File, Format Version 12.00
# Visual Studio Version 16
VisualStudioVersion = 16.0.29613.14
MinimumVisualStudioVersion = 10.0.40219.1
Project("{9A19103F-16F7-4668-BE54-9A1E7A4F7556}") = "TrueTooltips", "TrueTooltips.csproj", "{C1440877-7B5E-4BB0-A032-762A4AB2737F}"
EndProject
Global
	GlobalSection(SolutionConfigurationPlatforms) = preSolution
		Debug|Any CPU = Debug|Any CPU
		Release|Any CPU = Release|Any CPU
	EndGlobalSection
	GlobalSection(ProjectConfigurationPlatforms) = postSolution
		{C1440877-7B5E-4BB0-A032-762A4AB2737F}.Debug|Any CPU.ActiveCfg = Debug|Any CPU
		{C1440877-7B5E-4BB0-A032-762A4AB2737F}.Debug|Any CPU.Build.0 = Debug|Any CPU
		{C1440877-7B5E-4BB0-A032-762A4AB2737F}.Release|Any CPU.ActiveCfg = Release|Any CPU
		{C1440877-7B5E-4BB0-A032-762A4AB2737F}.Release|Any CPU.Build.0 = Release|Any CPU
	EndGlobalSection
	GlobalSection(SolutionProperties) = preSolution
		HideSolutionNode = FALSE
	EndGlobalSection
	GlobalSection(ExtensibilityGlobals) = postSolution
		SolutionGuid = {3BDD7F47-0F03-44DA-856B-749FCBF20F07}
	EndGlobalSection
EndGlobal
